// !$*UTF8*$!
{
	archiveVersion = 1;
	classes = {
	};
	objectVersion = 77;
	objects = {

/* Begin PBXContainerItemProxy section */
		ADFC87FA2CDA9A1C007DFEBA /* PBXContainerItemProxy */ = {
			isa = PBXContainerItemProxy;
			containerPortal = ADFC87E12CDA9A1B007DFEBA /* Project object */;
			proxyType = 1;
			remoteGlobalIDString = ADFC87E82CDA9A1B007DFEBA;
			remoteInfo = FeedMyRSS;
		};
		ADFC88042CDA9A1C007DFEBA /* PBXContainerItemProxy */ = {
			isa = PBXContainerItemProxy;
			containerPortal = ADFC87E12CDA9A1B007DFEBA /* Project object */;
			proxyType = 1;
			remoteGlobalIDString = ADFC87E82CDA9A1B007DFEBA;
			remoteInfo = FeedMyRSS;
		};
/* End PBXContainerItemProxy section */

/* Begin PBXFileReference section */
		ADFC87E92CDA9A1B007DFEBA /* FeedMyRSS.app */ = {isa = PBXFileReference; explicitFileType = wrapper.application; includeInIndex = 0; path = FeedMyRSS.app; sourceTree = BUILT_PRODUCTS_DIR; };
		ADFC87F92CDA9A1C007DFEBA /* FeedMyRSSTests.xctest */ = {isa = PBXFileReference; explicitFileType = wrapper.cfbundle; includeInIndex = 0; path = FeedMyRSSTests.xctest; sourceTree = BUILT_PRODUCTS_DIR; };
		ADFC88032CDA9A1C007DFEBA /* FeedMyRSSUITests.xctest */ = {isa = PBXFileReference; explicitFileType = wrapper.cfbundle; includeInIndex = 0; path = FeedMyRSSUITests.xctest; sourceTree = BUILT_PRODUCTS_DIR; };
/* End PBXFileReference section */

/* Begin PBXFileSystemSynchronizedRootGroup section */
		ADFC87EB2CDA9A1B007DFEBA /* FeedMyRSS */ = {
			isa = PBXFileSystemSynchronizedRootGroup;
			path = FeedMyRSS;
			sourceTree = "<group>";
		};
		ADFC87FC2CDA9A1C007DFEBA /* FeedMyRSSTests */ = {
			isa = PBXFileSystemSynchronizedRootGroup;
			path = FeedMyRSSTests;
			sourceTree = "<group>";
		};
		ADFC88062CDA9A1C007DFEBA /* FeedMyRSSUITests */ = {
			isa = PBXFileSystemSynchronizedRootGroup;
			path = FeedMyRSSUITests;
			sourceTree = "<group>";
		};
/* End PBXFileSystemSynchronizedRootGroup section */

/* Begin PBXFrameworksBuildPhase section */
		ADFC87E62CDA9A1B007DFEBA /* Frameworks */ = {
			isa = PBXFrameworksBuildPhase;
			buildActionMask = 2147483647;
			files = (
			);
			runOnlyForDeploymentPostprocessing = 0;
		};
		ADFC87F62CDA9A1C007DFEBA /* Frameworks */ = {
			isa = PBXFrameworksBuildPhase;
			buildActionMask = 2147483647;
			files = (
			);
			runOnlyForDeploymentPostprocessing = 0;
		};
		ADFC88002CDA9A1C007DFEBA /* Frameworks */ = {
			isa = PBXFrameworksBuildPhase;
			buildActionMask = 2147483647;
			files = (
			);
			runOnlyForDeploymentPostprocessing = 0;
		};
/* End PBXFrameworksBuildPhase section */

/* Begin PBXGroup section */
		ADFC87E02CDA9A1B007DFEBA = {
			isa = PBXGroup;
			children = (
				ADFC87EB2CDA9A1B007DFEBA /* FeedMyRSS */,
				ADFC87FC2CDA9A1C007DFEBA /* FeedMyRSSTests */,
				ADFC88062CDA9A1C007DFEBA /* FeedMyRSSUITests */,
				ADFC87EA2CDA9A1B007DFEBA /* Products */,
			);
			sourceTree = "<group>";
		};
		ADFC87EA2CDA9A1B007DFEBA /* Products */ = {
			isa = PBXGroup;
			children = (
				ADFC87E92CDA9A1B007DFEBA /* FeedMyRSS.app */,
				ADFC87F92CDA9A1C007DFEBA /* FeedMyRSSTests.xctest */,
				ADFC88032CDA9A1C007DFEBA /* FeedMyRSSUITests.xctest */,
			);
			name = Products;
			sourceTree = "<group>";
		};
/* End PBXGroup section */

/* Begin PBXNativeTarget section */
		ADFC87E82CDA9A1B007DFEBA /* FeedMyRSS */ = {
			isa = PBXNativeTarget;
			buildConfigurationList = ADFC880D2CDA9A1C007DFEBA /* Build configuration list for PBXNativeTarget "FeedMyRSS" */;
			buildPhases = (
				ADFC87E52CDA9A1B007DFEBA /* Sources */,
				ADFC87E62CDA9A1B007DFEBA /* Frameworks */,
				ADFC87E72CDA9A1B007DFEBA /* Resources */,
			);
			buildRules = (
			);
			dependencies = (
			);
			fileSystemSynchronizedGroups = (
				ADFC87EB2CDA9A1B007DFEBA /* FeedMyRSS */,
			);
			name = FeedMyRSS;
			packageProductDependencies = (
			);
			productName = FeedMyRSS;
			productReference = ADFC87E92CDA9A1B007DFEBA /* FeedMyRSS.app */;
			productType = "com.apple.product-type.application";
		};
		ADFC87F82CDA9A1C007DFEBA /* FeedMyRSSTests */ = {
			isa = PBXNativeTarget;
			buildConfigurationList = ADFC88102CDA9A1C007DFEBA /* Build configuration list for PBXNativeTarget "FeedMyRSSTests" */;
			buildPhases = (
				ADFC87F52CDA9A1C007DFEBA /* Sources */,
				ADFC87F62CDA9A1C007DFEBA /* Frameworks */,
				ADFC87F72CDA9A1C007DFEBA /* Resources */,
			);
			buildRules = (
			);
			dependencies = (
				ADFC87FB2CDA9A1C007DFEBA /* PBXTargetDependency */,
			);
			fileSystemSynchronizedGroups = (
				ADFC87FC2CDA9A1C007DFEBA /* FeedMyRSSTests */,
			);
			name = FeedMyRSSTests;
			packageProductDependencies = (
			);
			productName = FeedMyRSSTests;
			productReference = ADFC87F92CDA9A1C007DFEBA /* FeedMyRSSTests.xctest */;
			productType = "com.apple.product-type.bundle.unit-test";
		};
		ADFC88022CDA9A1C007DFEBA /* FeedMyRSSUITests */ = {
			isa = PBXNativeTarget;
			buildConfigurationList = ADFC88132CDA9A1C007DFEBA /* Build configuration list for PBXNativeTarget "FeedMyRSSUITests" */;
			buildPhases = (
				ADFC87FF2CDA9A1C007DFEBA /* Sources */,
				ADFC88002CDA9A1C007DFEBA /* Frameworks */,
				ADFC88012CDA9A1C007DFEBA /* Resources */,
			);
			buildRules = (
			);
			dependencies = (
				ADFC88052CDA9A1C007DFEBA /* PBXTargetDependency */,
			);
			fileSystemSynchronizedGroups = (
				ADFC88062CDA9A1C007DFEBA /* FeedMyRSSUITests */,
			);
			name = FeedMyRSSUITests;
			packageProductDependencies = (
			);
			productName = FeedMyRSSUITests;
			productReference = ADFC88032CDA9A1C007DFEBA /* FeedMyRSSUITests.xctest */;
			productType = "com.apple.product-type.bundle.ui-testing";
		};
/* End PBXNativeTarget section */

/* Begin PBXProject section */
		ADFC87E12CDA9A1B007DFEBA /* Project object */ = {
			isa = PBXProject;
			attributes = {
				BuildIndependentTargetsInParallel = 1;
				LastSwiftUpdateCheck = 1600;
				LastUpgradeCheck = 1600;
				TargetAttributes = {
					ADFC87E82CDA9A1B007DFEBA = {
						CreatedOnToolsVersion = 16.0;
					};
					ADFC87F82CDA9A1C007DFEBA = {
						CreatedOnToolsVersion = 16.0;
						TestTargetID = ADFC87E82CDA9A1B007DFEBA;
					};
					ADFC88022CDA9A1C007DFEBA = {
						CreatedOnToolsVersion = 16.0;
						TestTargetID = ADFC87E82CDA9A1B007DFEBA;
					};
				};
			};
			buildConfigurationList = ADFC87E42CDA9A1B007DFEBA /* Build configuration list for PBXProject "FeedMyRSS" */;
			developmentRegion = en;
			hasScannedForEncodings = 0;
			knownRegions = (
				en,
				Base,
			);
			mainGroup = ADFC87E02CDA9A1B007DFEBA;
			minimizedProjectReferenceProxies = 1;
			preferredProjectObjectVersion = 77;
			productRefGroup = ADFC87EA2CDA9A1B007DFEBA /* Products */;
			projectDirPath = "";
			projectRoot = "";
			targets = (
				ADFC87E82CDA9A1B007DFEBA /* FeedMyRSS */,
				ADFC87F82CDA9A1C007DFEBA /* FeedMyRSSTests */,
				ADFC88022CDA9A1C007DFEBA /* FeedMyRSSUITests */,
			);
		};
/* End PBXProject section */

/* Begin PBXResourcesBuildPhase section */
		ADFC87E72CDA9A1B007DFEBA /* Resources */ = {
			isa = PBXResourcesBuildPhase;
			buildActionMask = 2147483647;
			files = (
			);
			runOnlyForDeploymentPostprocessing = 0;
		};
		ADFC87F72CDA9A1C007DFEBA /* Resources */ = {
			isa = PBXResourcesBuildPhase;
			buildActionMask = 2147483647;
			files = (
			);
			runOnlyForDeploymentPostprocessing = 0;
		};
		ADFC88012CDA9A1C007DFEBA /* Resources */ = {
			isa = PBXResourcesBuildPhase;
			buildActionMask = 2147483647;
			files = (
			);
			runOnlyForDeploymentPostprocessing = 0;
		};
/* End PBXResourcesBuildPhase section */

/* Begin PBXSourcesBuildPhase section */
		ADFC87E52CDA9A1B007DFEBA /* Sources */ = {
			isa = PBXSourcesBuildPhase;
			buildActionMask = 2147483647;
			files = (
			);
			runOnlyForDeploymentPostprocessing = 0;
		};
		ADFC87F52CDA9A1C007DFEBA /* Sources */ = {
			isa = PBXSourcesBuildPhase;
			buildActionMask = 2147483647;
			files = (
			);
			runOnlyForDeploymentPostprocessing = 0;
		};
		ADFC87FF2CDA9A1C007DFEBA /* Sources */ = {
			isa = PBXSourcesBuildPhase;
			buildActionMask = 2147483647;
			files = (
			);
			runOnlyForDeploymentPostprocessing = 0;
		};
/* End PBXSourcesBuildPhase section */

/* Begin PBXTargetDependency section */
		ADFC87FB2CDA9A1C007DFEBA /* PBXTargetDependency */ = {
			isa = PBXTargetDependency;
			target = ADFC87E82CDA9A1B007DFEBA /* FeedMyRSS */;
			targetProxy = ADFC87FA2CDA9A1C007DFEBA /* PBXContainerItemProxy */;
		};
		ADFC88052CDA9A1C007DFEBA /* PBXTargetDependency */ = {
			isa = PBXTargetDependency;
			target = ADFC87E82CDA9A1B007DFEBA /* FeedMyRSS */;
			targetProxy = ADFC88042CDA9A1C007DFEBA /* PBXContainerItemProxy */;
		};
/* End PBXTargetDependency section */

/* Begin XCBuildConfiguration section */
		ADFC880B2CDA9A1C007DFEBA /* Debug */ = {
			isa = XCBuildConfiguration;
			buildSettings = {
				ALWAYS_SEARCH_USER_PATHS = NO;
				ASSETCATALOG_COMPILER_GENERATE_SWIFT_ASSET_SYMBOL_EXTENSIONS = YES;
				CLANG_ANALYZER_NONNULL = YES;
				CLANG_ANALYZER_NUMBER_OBJECT_CONVERSION = YES_AGGRESSIVE;
				CLANG_CXX_LANGUAGE_STANDARD = "gnu++20";
				CLANG_ENABLE_MODULES = YES;
				CLANG_ENABLE_OBJC_ARC = YES;
				CLANG_ENABLE_OBJC_WEAK = YES;
				CLANG_WARN_BLOCK_CAPTURE_AUTORELEASING = YES;
				CLANG_WARN_BOOL_CONVERSION = YES;
				CLANG_WARN_COMMA = YES;
				CLANG_WARN_CONSTANT_CONVERSION = YES;
				CLANG_WARN_DEPRECATED_OBJC_IMPLEMENTATIONS = YES;
				CLANG_WARN_DIRECT_OBJC_ISA_USAGE = YES_ERROR;
				CLANG_WARN_DOCUMENTATION_COMMENTS = YES;
				CLANG_WARN_EMPTY_BODY = YES;
				CLANG_WARN_ENUM_CONVERSION = YES;
				CLANG_WARN_INFINITE_RECURSION = YES;
				CLANG_WARN_INT_CONVERSION = YES;
				CLANG_WARN_NON_LITERAL_NULL_CONVERSION = YES;
				CLANG_WARN_OBJC_IMPLICIT_RETAIN_SELF = YES;
				CLANG_WARN_OBJC_LITERAL_CONVERSION = YES;
				CLANG_WARN_OBJC_ROOT_CLASS = YES_ERROR;
				CLANG_WARN_QUOTED_INCLUDE_IN_FRAMEWORK_HEADER = YES;
				CLANG_WARN_RANGE_LOOP_ANALYSIS = YES;
				CLANG_WARN_STRICT_PROTOTYPES = YES;
				CLANG_WARN_SUSPICIOUS_MOVE = YES;
				CLANG_WARN_UNGUARDED_AVAILABILITY = YES_AGGRESSIVE;
				CLANG_WARN_UNREACHABLE_CODE = YES;
				CLANG_WARN__DUPLICATE_METHOD_MATCH = YES;
				COPY_PHASE_STRIP = NO;
				DEBUG_INFORMATION_FORMAT = dwarf;
				ENABLE_STRICT_OBJC_MSGSEND = YES;
				ENABLE_TESTABILITY = YES;
				ENABLE_USER_SCRIPT_SANDBOXING = YES;
				GCC_C_LANGUAGE_STANDARD = gnu17;
				GCC_DYNAMIC_NO_PIC = NO;
				GCC_NO_COMMON_BLOCKS = YES;
				GCC_OPTIMIZATION_LEVEL = 0;
				GCC_PREPROCESSOR_DEFINITIONS = (
					"DEBUG=1",
					"$(inherited)",
				);
				GCC_WARN_64_TO_32_BIT_CONVERSION = YES;
				GCC_WARN_ABOUT_RETURN_TYPE = YES_ERROR;
				GCC_WARN_UNDECLARED_SELECTOR = YES;
				GCC_WARN_UNINITIALIZED_AUTOS = YES_AGGRESSIVE;
				GCC_WARN_UNUSED_FUNCTION = YES;
				GCC_WARN_UNUSED_VARIABLE = YES;
				IPHONEOS_DEPLOYMENT_TARGET = 18.0;
				LOCALIZATION_PREFERS_STRING_CATALOGS = YES;
				MTL_ENABLE_DEBUG_INFO = INCLUDE_SOURCE;
				MTL_FAST_MATH = YES;
				ONLY_ACTIVE_ARCH = YES;
				SDKROOT = iphoneos;
				SWIFT_ACTIVE_COMPILATION_CONDITIONS = "DEBUG $(inherited)";
				SWIFT_OPTIMIZATION_LEVEL = "-Onone";
			};
			name = Debug;
		};
		ADFC880C2CDA9A1C007DFEBA /* Release */ = {
			isa = XCBuildConfiguration;
			buildSettings = {
				ALWAYS_SEARCH_USER_PATHS = NO;
				ASSETCATALOG_COMPILER_GENERATE_SWIFT_ASSET_SYMBOL_EXTENSIONS = YES;
				CLANG_ANALYZER_NONNULL = YES;
				CLANG_ANALYZER_NUMBER_OBJECT_CONVERSION = YES_AGGRESSIVE;
				CLANG_CXX_LANGUAGE_STANDARD = "gnu++20";
				CLANG_ENABLE_MODULES = YES;
				CLANG_ENABLE_OBJC_ARC = YES;
				CLANG_ENABLE_OBJC_WEAK = YES;
				CLANG_WARN_BLOCK_CAPTURE_AUTORELEASING = YES;
				CLANG_WARN_BOOL_CONVERSION = YES;
				CLANG_WARN_COMMA = YES;
				CLANG_WARN_CONSTANT_CONVERSION = YES;
				CLANG_WARN_DEPRECATED_OBJC_IMPLEMENTATIONS = YES;
				CLANG_WARN_DIRECT_OBJC_ISA_USAGE = YES_ERROR;
				CLANG_WARN_DOCUMENTATION_COMMENTS = YES;
				CLANG_WARN_EMPTY_BODY = YES;
				CLANG_WARN_ENUM_CONVERSION = YES;
				CLANG_WARN_INFINITE_RECURSION = YES;
				CLANG_WARN_INT_CONVERSION = YES;
				CLANG_WARN_NON_LITERAL_NULL_CONVERSION = YES;
				CLANG_WARN_OBJC_IMPLICIT_RETAIN_SELF = YES;
				CLANG_WARN_OBJC_LITERAL_CONVERSION = YES;
				CLANG_WARN_OBJC_ROOT_CLASS = YES_ERROR;
				CLANG_WARN_QUOTED_INCLUDE_IN_FRAMEWORK_HEADER = YES;
				CLANG_WARN_RANGE_LOOP_ANALYSIS = YES;
				CLANG_WARN_STRICT_PROTOTYPES = YES;
				CLANG_WARN_SUSPICIOUS_MOVE = YES;
				CLANG_WARN_UNGUARDED_AVAILABILITY = YES_AGGRESSIVE;
				CLANG_WARN_UNREACHABLE_CODE = YES;
				CLANG_WARN__DUPLICATE_METHOD_MATCH = YES;
				COPY_PHASE_STRIP = NO;
				DEBUG_INFORMATION_FORMAT = "dwarf-with-dsym";
				ENABLE_NS_ASSERTIONS = NO;
				ENABLE_STRICT_OBJC_MSGSEND = YES;
				ENABLE_USER_SCRIPT_SANDBOXING = YES;
				GCC_C_LANGUAGE_STANDARD = gnu17;
				GCC_NO_COMMON_BLOCKS = YES;
				GCC_WARN_64_TO_32_BIT_CONVERSION = YES;
				GCC_WARN_ABOUT_RETURN_TYPE = YES_ERROR;
				GCC_WARN_UNDECLARED_SELECTOR = YES;
				GCC_WARN_UNINITIALIZED_AUTOS = YES_AGGRESSIVE;
				GCC_WARN_UNUSED_FUNCTION = YES;
				GCC_WARN_UNUSED_VARIABLE = YES;
				IPHONEOS_DEPLOYMENT_TARGET = 18.0;
				LOCALIZATION_PREFERS_STRING_CATALOGS = YES;
				MTL_ENABLE_DEBUG_INFO = NO;
				MTL_FAST_MATH = YES;
				SDKROOT = iphoneos;
				SWIFT_COMPILATION_MODE = wholemodule;
				VALIDATE_PRODUCT = YES;
			};
			name = Release;
		};
		ADFC880E2CDA9A1C007DFEBA /* Debug */ = {
			isa = XCBuildConfiguration;
			buildSettings = {
				ASSETCATALOG_COMPILER_APPICON_NAME = AppIcon;
				ASSETCATALOG_COMPILER_GLOBAL_ACCENT_COLOR_NAME = AccentColor;
				CODE_SIGN_STYLE = Automatic;
				CURRENT_PROJECT_VERSION = 1;
				DEVELOPMENT_ASSET_PATHS = "\"FeedMyRSS/Preview Content\"";
				DEVELOPMENT_TEAM = SR85KRM2TV;
				ENABLE_PREVIEWS = YES;
				GENERATE_INFOPLIST_FILE = YES;
				INFOPLIST_KEY_CFBundleDisplayName = "Feed My RSS";
				INFOPLIST_KEY_LSApplicationCategoryType = "public.app-category.news";
				INFOPLIST_KEY_UIApplicationSceneManifest_Generation = YES;
				INFOPLIST_KEY_UIApplicationSupportsIndirectInputEvents = YES;
				INFOPLIST_KEY_UILaunchScreen_Generation = YES;
				INFOPLIST_KEY_UISupportedInterfaceOrientations = UIInterfaceOrientationPortrait;
				INFOPLIST_KEY_UISupportedInterfaceOrientations_iPad = "UIInterfaceOrientationLandscapeLeft UIInterfaceOrientationLandscapeRight UIInterfaceOrientationPortrait UIInterfaceOrientationPortraitUpsideDown";
				LD_RUNPATH_SEARCH_PATHS = (
					"$(inherited)",
					"@executable_path/Frameworks",
				);
				MARKETING_VERSION = 1.0;
				PRODUCT_BUNDLE_IDENTIFIER = vukusic.marko.app.FeedMyRSS;
				PRODUCT_NAME = "$(TARGET_NAME)";
				SUPPORTED_PLATFORMS = "iphoneos iphonesimulator";
				SUPPORTS_MACCATALYST = NO;
				SUPPORTS_MAC_DESIGNED_FOR_IPHONE_IPAD = NO;
				SUPPORTS_XR_DESIGNED_FOR_IPHONE_IPAD = NO;
				SWIFT_EMIT_LOC_STRINGS = YES;
				SWIFT_VERSION = 5.0;
				TARGETED_DEVICE_FAMILY = 1;
			};
			name = Debug;
		};
		ADFC880F2CDA9A1C007DFEBA /* Release */ = {
			isa = XCBuildConfiguration;
			buildSettings = {
				ASSETCATALOG_COMPILER_APPICON_NAME = AppIcon;
				ASSETCATALOG_COMPILER_GLOBAL_ACCENT_COLOR_NAME = AccentColor;
				CODE_SIGN_STYLE = Automatic;
				CURRENT_PROJECT_VERSION = 1;
				DEVELOPMENT_ASSET_PATHS = "\"FeedMyRSS/Preview Content\"";
				DEVELOPMENT_TEAM = SR85KRM2TV;
				ENABLE_PREVIEWS = YES;
				GENERATE_INFOPLIST_FILE = YES;
				INFOPLIST_KEY_CFBundleDisplayName = "Feed My RSS";
				INFOPLIST_KEY_LSApplicationCategoryType = "public.app-category.news";
				INFOPLIST_KEY_UIApplicationSceneManifest_Generation = YES;
				INFOPLIST_KEY_UIApplicationSupportsIndirectInputEvents = YES;
				INFOPLIST_KEY_UILaunchScreen_Generation = YES;
				INFOPLIST_KEY_UISupportedInterfaceOrientations = UIInterfaceOrientationPortrait;
				INFOPLIST_KEY_UISupportedInterfaceOrientations_iPad = "UIInterfaceOrientationLandscapeLeft UIInterfaceOrientationLandscapeRight UIInterfaceOrientationPortrait UIInterfaceOrientationPortraitUpsideDown";
				LD_RUNPATH_SEARCH_PATHS = (
					"$(inherited)",
					"@executable_path/Frameworks",
				);
				MARKETING_VERSION = 1.0;
				PRODUCT_BUNDLE_IDENTIFIER = vukusic.marko.app.FeedMyRSS;
				PRODUCT_NAME = "$(TARGET_NAME)";
				SUPPORTED_PLATFORMS = "iphoneos iphonesimulator";
				SUPPORTS_MACCATALYST = NO;
				SUPPORTS_MAC_DESIGNED_FOR_IPHONE_IPAD = NO;
				SUPPORTS_XR_DESIGNED_FOR_IPHONE_IPAD = NO;
				SWIFT_EMIT_LOC_STRINGS = YES;
				SWIFT_VERSION = 5.0;
				TARGETED_DEVICE_FAMILY = 1;
			};
			name = Release;
		};
		ADFC88112CDA9A1C007DFEBA /* Debug */ = {
			isa = XCBuildConfiguration;
			buildSettings = {
				BUNDLE_LOADER = "$(TEST_HOST)";
				CODE_SIGN_STYLE = Automatic;
				CURRENT_PROJECT_VERSION = 1;
				GENERATE_INFOPLIST_FILE = YES;
				IPHONEOS_DEPLOYMENT_TARGET = 18.0;
				MARKETING_VERSION = 1.0;
				PRODUCT_BUNDLE_IDENTIFIER = vukusic.marko.FeedMyRSSTests;
				PRODUCT_NAME = "$(TARGET_NAME)";
				SWIFT_EMIT_LOC_STRINGS = NO;
				SWIFT_VERSION = 5.0;
				TARGETED_DEVICE_FAMILY = "1,2";
				TEST_HOST = "$(BUILT_PRODUCTS_DIR)/FeedMyRSS.app/$(BUNDLE_EXECUTABLE_FOLDER_PATH)/FeedMyRSS";
			};
			name = Debug;
		};
		ADFC88122CDA9A1C007DFEBA /* Release */ = {
			isa = XCBuildConfiguration;
			buildSettings = {
				BUNDLE_LOADER = "$(TEST_HOST)";
				CODE_SIGN_STYLE = Automatic;
				CURRENT_PROJECT_VERSION = 1;
				GENERATE_INFOPLIST_FILE = YES;
				IPHONEOS_DEPLOYMENT_TARGET = 18.0;
				MARKETING_VERSION = 1.0;
				PRODUCT_BUNDLE_IDENTIFIER = vukusic.marko.FeedMyRSSTests;
				PRODUCT_NAME = "$(TARGET_NAME)";
				SWIFT_EMIT_LOC_STRINGS = NO;
				SWIFT_VERSION = 5.0;
				TARGETED_DEVICE_FAMILY = "1,2";
				TEST_HOST = "$(BUILT_PRODUCTS_DIR)/FeedMyRSS.app/$(BUNDLE_EXECUTABLE_FOLDER_PATH)/FeedMyRSS";
			};
			name = Release;
		};
		ADFC88142CDA9A1C007DFEBA /* Debug */ = {
			isa = XCBuildConfiguration;
			buildSettings = {
				CODE_SIGN_STYLE = Automatic;
				CURRENT_PROJECT_VERSION = 1;
				GENERATE_INFOPLIST_FILE = YES;
				MARKETING_VERSION = 1.0;
				PRODUCT_BUNDLE_IDENTIFIER = vukusic.marko.FeedMyRSSUITests;
				PRODUCT_NAME = "$(TARGET_NAME)";
				SWIFT_EMIT_LOC_STRINGS = NO;
				SWIFT_VERSION = 5.0;
				TARGETED_DEVICE_FAMILY = "1,2";
				TEST_TARGET_NAME = FeedMyRSS;
			};
			name = Debug;
		};
		ADFC88152CDA9A1C007DFEBA /* Release */ = {
			isa = XCBuildConfiguration;
			buildSettings = {
				CODE_SIGN_STYLE = Automatic;
				CURRENT_PROJECT_VERSION = 1;
				GENERATE_INFOPLIST_FILE = YES;
				MARKETING_VERSION = 1.0;
				PRODUCT_BUNDLE_IDENTIFIER = vukusic.marko.FeedMyRSSUITests;
				PRODUCT_NAME = "$(TARGET_NAME)";
				SWIFT_EMIT_LOC_STRINGS = NO;
				SWIFT_VERSION = 5.0;
				TARGETED_DEVICE_FAMILY = "1,2";
				TEST_TARGET_NAME = FeedMyRSS;
			};
			name = Release;
		};
/* End XCBuildConfiguration section */

/* Begin XCConfigurationList section */
		ADFC87E42CDA9A1B007DFEBA /* Build configuration list for PBXProject "FeedMyRSS" */ = {
			isa = XCConfigurationList;
			buildConfigurations = (
				ADFC880B2CDA9A1C007DFEBA /* Debug */,
				ADFC880C2CDA9A1C007DFEBA /* Release */,
			);
			defaultConfigurationIsVisible = 0;
			defaultConfigurationName = Release;
		};
		ADFC880D2CDA9A1C007DFEBA /* Build configuration list for PBXNativeTarget "FeedMyRSS" */ = {
			isa = XCConfigurationList;
			buildConfigurations = (
				ADFC880E2CDA9A1C007DFEBA /* Debug */,
				ADFC880F2CDA9A1C007DFEBA /* Release */,
			);
			defaultConfigurationIsVisible = 0;
			defaultConfigurationName = Release;
		};
		ADFC88102CDA9A1C007DFEBA /* Build configuration list for PBXNativeTarget "FeedMyRSSTests" */ = {
			isa = XCConfigurationList;
			buildConfigurations = (
				ADFC88112CDA9A1C007DFEBA /* Debug */,
				ADFC88122CDA9A1C007DFEBA /* Release */,
			);
			defaultConfigurationIsVisible = 0;
			defaultConfigurationName = Release;
		};
		ADFC88132CDA9A1C007DFEBA /* Build configuration list for PBXNativeTarget "FeedMyRSSUITests" */ = {
			isa = XCConfigurationList;
			buildConfigurations = (
				ADFC88142CDA9A1C007DFEBA /* Debug */,
				ADFC88152CDA9A1C007DFEBA /* Release */,
			);
			defaultConfigurationIsVisible = 0;
			defaultConfigurationName = Release;
		};
/* End XCConfigurationList section */
	};
	rootObject = ADFC87E12CDA9A1B007DFEBA /* Project object */;
}
